// !$*UTF8*$!
{
	archiveVersion = 1;
	classes = {
	};
	objectVersion = 56;
	objects = {

/* Begin PBXBuildFile section */
		BB705C3E295A07E6006585BB /* ZoomImage.swift in Sources */ = {isa = PBXBuildFile; fileRef = BB705C3D295A07E6006585BB /* ZoomImage.swift */; };
		BB705C46295C891E006585BB /* EditScam.swift in Sources */ = {isa = PBXBuildFile; fileRef = BB705C45295C891E006585BB /* EditScam.swift */; };
		BBBF2AE929663EDE0066BD5A /* ScamItem.swift in Sources */ = {isa = PBXBuildFile; fileRef = BBBF2AE829663EDE0066BD5A /* ScamItem.swift */; };
		BBD34C09296C5736006ECC63 /* Preview Content in Resources */ = {isa = PBXBuildFile; fileRef = BBD34C08296C5736006ECC63 /* Preview Content */; };
		BBF70623294CF54B006DA73A /* ToDoScamListApp.swift in Sources */ = {isa = PBXBuildFile; fileRef = BBF70622294CF54B006DA73A /* ToDoScamListApp.swift */; };
		BBF70625294CF54B006DA73A /* Persistence.swift in Sources */ = {isa = PBXBuildFile; fileRef = BBF70624294CF54B006DA73A /* Persistence.swift */; };
		BBF70628294CF54B006DA73A /* ToDoScamList.xcdatamodeld in Sources */ = {isa = PBXBuildFile; fileRef = BBF70626294CF54B006DA73A /* ToDoScamList.xcdatamodeld */; };
		BBF7062A294CF54B006DA73A /* ContentView.swift in Sources */ = {isa = PBXBuildFile; fileRef = BBF70629294CF54B006DA73A /* ContentView.swift */; };
		BBF70637294CF835006DA73A /* AddView.swift in Sources */ = {isa = PBXBuildFile; fileRef = BBF70636294CF835006DA73A /* AddView.swift */; };
		BBFA467C2954AB46009E9E9A /* AZalert.swift in Sources */ = {isa = PBXBuildFile; fileRef = BBFA467B2954AB46009E9E9A /* AZalert.swift */; };
		BBFA467F2954DECE009E9E9A /* Scam+CoreDataClass.swift in Sources */ = {isa = PBXBuildFile; fileRef = BBFA467D2954DECE009E9E9A /* Scam+CoreDataClass.swift */; };
		BBFA46802954DECE009E9E9A /* Scam+CoreDataProperties.swift in Sources */ = {isa = PBXBuildFile; fileRef = BBFA467E2954DECE009E9E9A /* Scam+CoreDataProperties.swift */; };
		BBFA46822954E8A3009E9E9A /* ImagePicker.swift in Sources */ = {isa = PBXBuildFile; fileRef = BBFA46812954E8A3009E9E9A /* ImagePicker.swift */; };
/* End PBXBuildFile section */

/* Begin PBXFileReference section */
		BB705C3D295A07E6006585BB /* ZoomImage.swift */ = {isa = PBXFileReference; lastKnownFileType = sourcecode.swift; path = ZoomImage.swift; sourceTree = "<group>"; };
		BB705C45295C891E006585BB /* EditScam.swift */ = {isa = PBXFileReference; lastKnownFileType = sourcecode.swift; path = EditScam.swift; sourceTree = "<group>"; };
		BBBF2AE829663EDE0066BD5A /* ScamItem.swift */ = {isa = PBXFileReference; lastKnownFileType = sourcecode.swift; path = ScamItem.swift; sourceTree = "<group>"; };
		BBD34C08296C5736006ECC63 /* Preview Content */ = {isa = PBXFileReference; lastKnownFileType = folder; name = "Preview Content"; path = "ToDoScamList/Preview Content"; sourceTree = "<group>"; };
		BBF7061F294CF54B006DA73A /* ToDoScamList.app */ = {isa = PBXFileReference; explicitFileType = wrapper.application; includeInIndex = 0; path = ToDoScamList.app; sourceTree = BUILT_PRODUCTS_DIR; };
		BBF70622294CF54B006DA73A /* ToDoScamListApp.swift */ = {isa = PBXFileReference; lastKnownFileType = sourcecode.swift; path = ToDoScamListApp.swift; sourceTree = "<group>"; };
		BBF70624294CF54B006DA73A /* Persistence.swift */ = {isa = PBXFileReference; lastKnownFileType = sourcecode.swift; path = Persistence.swift; sourceTree = "<group>"; };
		BBF70627294CF54B006DA73A /* ToDoScamList.xcdatamodel */ = {isa = PBXFileReference; lastKnownFileType = wrapper.xcdatamodel; path = ToDoScamList.xcdatamodel; sourceTree = "<group>"; };
		BBF70629294CF54B006DA73A /* ContentView.swift */ = {isa = PBXFileReference; lastKnownFileType = sourcecode.swift; path = ContentView.swift; sourceTree = "<group>"; };
		BBF7062D294CF54F006DA73A /* ToDoScamList.entitlements */ = {isa = PBXFileReference; lastKnownFileType = text.plist.entitlements; path = ToDoScamList.entitlements; sourceTree = "<group>"; };
		BBF70636294CF835006DA73A /* AddView.swift */ = {isa = PBXFileReference; lastKnownFileType = sourcecode.swift; path = AddView.swift; sourceTree = "<group>"; };
		BBFA467B2954AB46009E9E9A /* AZalert.swift */ = {isa = PBXFileReference; lastKnownFileType = sourcecode.swift; path = AZalert.swift; sourceTree = "<group>"; };
		BBFA467D2954DECE009E9E9A /* Scam+CoreDataClass.swift */ = {isa = PBXFileReference; lastKnownFileType = sourcecode.swift; name = "Scam+CoreDataClass.swift"; path = "ToDoScamList/CoreDate/Scam+CoreDataClass.swift"; sourceTree = SOURCE_ROOT; };
		BBFA467E2954DECE009E9E9A /* Scam+CoreDataProperties.swift */ = {isa = PBXFileReference; lastKnownFileType = sourcecode.swift; name = "Scam+CoreDataProperties.swift"; path = "ToDoScamList/CoreDate/Scam+CoreDataProperties.swift"; sourceTree = SOURCE_ROOT; };
		BBFA46812954E8A3009E9E9A /* ImagePicker.swift */ = {isa = PBXFileReference; lastKnownFileType = sourcecode.swift; path = ImagePicker.swift; sourceTree = "<group>"; };
/* End PBXFileReference section */

/* Begin PBXFrameworksBuildPhase section */
		BBF7061C294CF54B006DA73A /* Frameworks */ = {
			isa = PBXFrameworksBuildPhase;
			buildActionMask = 2147483647;
			files = (
			);
			runOnlyForDeploymentPostprocessing = 0;
		};
/* End PBXFrameworksBuildPhase section */

/* Begin PBXGroup section */
		BBD34C03296C4C41006ECC63 /* Models */ = {
			isa = PBXGroup;
			children = (
				BBFA46812954E8A3009E9E9A /* ImagePicker.swift */,
				BB705C3D295A07E6006585BB /* ZoomImage.swift */,
				BBBF2AE829663EDE0066BD5A /* ScamItem.swift */,
			);
			path = Models;
			sourceTree = "<group>";
		};
		BBD34C04296C4C93006ECC63 /* View */ = {
			isa = PBXGroup;
			children = (
				BBF70636294CF835006DA73A /* AddView.swift */,
				BBFA467B2954AB46009E9E9A /* AZalert.swift */,
				BB705C45295C891E006585BB /* EditScam.swift */,
				BBF70629294CF54B006DA73A /* ContentView.swift */,
			);
			path = View;
			sourceTree = "<group>";
		};
		BBD34C05296C4CB5006ECC63 /* CoreDate */ = {
			isa = PBXGroup;
			children = (
				BBFA467E2954DECE009E9E9A /* Scam+CoreDataProperties.swift */,
				BBFA467D2954DECE009E9E9A /* Scam+CoreDataClass.swift */,
				BBF70626294CF54B006DA73A /* ToDoScamList.xcdatamodeld */,
			);
			path = CoreDate;
			sourceTree = "<group>";
		};
		BBF70616294CF54B006DA73A = {
			isa = PBXGroup;
			children = (
				BBD34C08296C5736006ECC63 /* Preview Content */,
				BBF70621294CF54B006DA73A /* ToDoScamList */,
				BBF70620294CF54B006DA73A /* Products */,
			);
			sourceTree = "<group>";
		};
		BBF70620294CF54B006DA73A /* Products */ = {
			isa = PBXGroup;
			children = (
				BBF7061F294CF54B006DA73A /* ToDoScamList.app */,
			);
			name = Products;
			sourceTree = "<group>";
		};
		BBF70621294CF54B006DA73A /* ToDoScamList */ = {
			isa = PBXGroup;
			children = (
				BBD34C05296C4CB5006ECC63 /* CoreDate */,
				BBD34C04296C4C93006ECC63 /* View */,
				BBD34C03296C4C41006ECC63 /* Models */,
				BBF70622294CF54B006DA73A /* ToDoScamListApp.swift */,
				BBF70624294CF54B006DA73A /* Persistence.swift */,
				BBF7062D294CF54F006DA73A /* ToDoScamList.entitlements */,
			);
			path = ToDoScamList;
			sourceTree = "<group>";
		};
/* End PBXGroup section */

/* Begin PBXNativeTarget section */
		BBF7061E294CF54B006DA73A /* ToDoScamList */ = {
			isa = PBXNativeTarget;
			buildConfigurationList = BBF70633294CF54F006DA73A /* Build configuration list for PBXNativeTarget "ToDoScamList" */;
			buildPhases = (
				BBF7061B294CF54B006DA73A /* Sources */,
				BBF7061C294CF54B006DA73A /* Frameworks */,
				BBF7061D294CF54B006DA73A /* Resources */,
				BBD34C0A296C57C4006ECC63 /* ShellScript */,
			);
			buildRules = (
			);
			dependencies = (
			);
			name = ToDoScamList;
			packageProductDependencies = (
			);
			productName = ToDoScamList;
			productReference = BBF7061F294CF54B006DA73A /* ToDoScamList.app */;
			productType = "com.apple.product-type.application";
		};
/* End PBXNativeTarget section */

/* Begin PBXProject section */
		BBF70617294CF54B006DA73A /* Project object */ = {
			isa = PBXProject;
			attributes = {
				BuildIndependentTargetsInParallel = 1;
				LastSwiftUpdateCheck = 1410;
				LastUpgradeCheck = 1410;
				TargetAttributes = {
					BBF7061E294CF54B006DA73A = {
						CreatedOnToolsVersion = 14.1;
					};
				};
			};
			buildConfigurationList = BBF7061A294CF54B006DA73A /* Build configuration list for PBXProject "ToDoScamList" */;
			compatibilityVersion = "Xcode 14.0";
			developmentRegion = en;
			hasScannedForEncodings = 0;
			knownRegions = (
				en,
				Base,
			);
			mainGroup = BBF70616294CF54B006DA73A;
			packageReferences = (
			);
			productRefGroup = BBF70620294CF54B006DA73A /* Products */;
			projectDirPath = "";
			projectRoot = "";
			targets = (
				BBF7061E294CF54B006DA73A /* ToDoScamList */,
			);
		};
/* End PBXProject section */

/* Begin PBXResourcesBuildPhase section */
		BBF7061D294CF54B006DA73A /* Resources */ = {
			isa = PBXResourcesBuildPhase;
			buildActionMask = 2147483647;
			files = (
				BBD34C09296C5736006ECC63 /* Preview Content in Resources */,
			);
			runOnlyForDeploymentPostprocessing = 0;
		};
/* End PBXResourcesBuildPhase section */

/* Begin PBXShellScriptBuildPhase section */
		BBD34C0A296C57C4006ECC63 /* ShellScript */ = {
			isa = PBXShellScriptBuildPhase;
			buildActionMask = 2147483647;
			files = (
			);
			inputFileListPaths = (
			);
			inputPaths = (
			);
			outputFileListPaths = (
			);
			outputPaths = (
			);
			runOnlyForDeploymentPostprocessing = 0;
			shellPath = /bin/sh;
			shellScript = "# Type a script or drag a script file from your workspace to insert its path.\nif which swiftlint >/dev/null; then\n  swiftlint\nelse\n  echo \"error: SwiftLint does not exist, download it from https://github.com/realm/SwiftLint\"\n  exit 1\nfi\n";
		};
/* End PBXShellScriptBuildPhase section */

/* Begin PBXSourcesBuildPhase section */
		BBF7061B294CF54B006DA73A /* Sources */ = {
			isa = PBXSourcesBuildPhase;
			buildActionMask = 2147483647;
			files = (
				BB705C3E295A07E6006585BB /* ZoomImage.swift in Sources */,
				BBF70623294CF54B006DA73A /* ToDoScamListApp.swift in Sources */,
				BBFA467F2954DECE009E9E9A /* Scam+CoreDataClass.swift in Sources */,
				BB705C46295C891E006585BB /* EditScam.swift in Sources */,
				BBF70625294CF54B006DA73A /* Persistence.swift in Sources */,
				BBFA46822954E8A3009E9E9A /* ImagePicker.swift in Sources */,
				BBFA467C2954AB46009E9E9A /* AZalert.swift in Sources */,
				BBFA46802954DECE009E9E9A /* Scam+CoreDataProperties.swift in Sources */,
				BBBF2AE929663EDE0066BD5A /* ScamItem.swift in Sources */,
				BBF70637294CF835006DA73A /* AddView.swift in Sources */,
				BBF7062A294CF54B006DA73A /* ContentView.swift in Sources */,
				BBF70628294CF54B006DA73A /* ToDoScamList.xcdatamodeld in Sources */,
			);
			runOnlyForDeploymentPostprocessing = 0;
		};
/* End PBXSourcesBuildPhase section */

/* Begin XCBuildConfiguration section */
		BBF70631294CF54F006DA73A /* Debug */ = {
			isa = XCBuildConfiguration;
			buildSettings = {
				ALWAYS_SEARCH_USER_PATHS = NO;
				CLANG_ANALYZER_NONNULL = YES;
				CLANG_ANALYZER_NUMBER_OBJECT_CONVERSION = YES_AGGRESSIVE;
				CLANG_CXX_LANGUAGE_STANDARD = "gnu++20";
				CLANG_ENABLE_MODULES = YES;
				CLANG_ENABLE_OBJC_ARC = YES;
				CLANG_ENABLE_OBJC_WEAK = YES;
				CLANG_WARN_BLOCK_CAPTURE_AUTORELEASING = YES;
				CLANG_WARN_BOOL_CONVERSION = YES;
				CLANG_WARN_COMMA = YES;
				CLANG_WARN_CONSTANT_CONVERSION = YES;
				CLANG_WARN_DEPRECATED_OBJC_IMPLEMENTATIONS = YES;
				CLANG_WARN_DIRECT_OBJC_ISA_USAGE = YES_ERROR;
				CLANG_WARN_DOCUMENTATION_COMMENTS = YES;
				CLANG_WARN_EMPTY_BODY = YES;
				CLANG_WARN_ENUM_CONVERSION = YES;
				CLANG_WARN_INFINITE_RECURSION = YES;
				CLANG_WARN_INT_CONVERSION = YES;
				CLANG_WARN_NON_LITERAL_NULL_CONVERSION = YES;
				CLANG_WARN_OBJC_IMPLICIT_RETAIN_SELF = YES;
				CLANG_WARN_OBJC_LITERAL_CONVERSION = YES;
				CLANG_WARN_OBJC_ROOT_CLASS = YES_ERROR;
				CLANG_WARN_QUOTED_INCLUDE_IN_FRAMEWORK_HEADER = YES;
				CLANG_WARN_RANGE_LOOP_ANALYSIS = YES;
				CLANG_WARN_STRICT_PROTOTYPES = YES;
				CLANG_WARN_SUSPICIOUS_MOVE = YES;
				CLANG_WARN_UNGUARDED_AVAILABILITY = YES_AGGRESSIVE;
				CLANG_WARN_UNREACHABLE_CODE = YES;
				CLANG_WARN__DUPLICATE_METHOD_MATCH = YES;
				COPY_PHASE_STRIP = NO;
				DEBUG_INFORMATION_FORMAT = dwarf;
				ENABLE_STRICT_OBJC_MSGSEND = YES;
				ENABLE_TESTABILITY = YES;
				GCC_C_LANGUAGE_STANDARD = gnu11;
				GCC_DYNAMIC_NO_PIC = NO;
				GCC_NO_COMMON_BLOCKS = YES;
				GCC_OPTIMIZATION_LEVEL = 0;
				GCC_PREPROCESSOR_DEFINITIONS = (
					"DEBUG=1",
					"$(inherited)",
				);
				GCC_WARN_64_TO_32_BIT_CONVERSION = YES;
				GCC_WARN_ABOUT_RETURN_TYPE = YES_ERROR;
				GCC_WARN_UNDECLARED_SELECTOR = YES;
				GCC_WARN_UNINITIALIZED_AUTOS = YES_AGGRESSIVE;
				GCC_WARN_UNUSED_FUNCTION = YES;
				GCC_WARN_UNUSED_VARIABLE = YES;
				INFOPLIST_KEY_NSCameraUsageDescription = "";
				INFOPLIST_KEY_NSFileProviderDomainUsageDescription = "";
				MTL_ENABLE_DEBUG_INFO = INCLUDE_SOURCE;
				MTL_FAST_MATH = YES;
				ONLY_ACTIVE_ARCH = YES;
				SWIFT_ACTIVE_COMPILATION_CONDITIONS = DEBUG;
				SWIFT_OPTIMIZATION_LEVEL = "-Onone";
			};
			name = Debug;
		};
		BBF70632294CF54F006DA73A /* Release */ = {
			isa = XCBuildConfiguration;
			buildSettings = {
				ALWAYS_SEARCH_USER_PATHS = NO;
				CLANG_ANALYZER_NONNULL = YES;
				CLANG_ANALYZER_NUMBER_OBJECT_CONVERSION = YES_AGGRESSIVE;
				CLANG_CXX_LANGUAGE_STANDARD = "gnu++20";
				CLANG_ENABLE_MODULES = YES;
				CLANG_ENABLE_OBJC_ARC = YES;
				CLANG_ENABLE_OBJC_WEAK = YES;
				CLANG_WARN_BLOCK_CAPTURE_AUTORELEASING = YES;
				CLANG_WARN_BOOL_CONVERSION = YES;
				CLANG_WARN_COMMA = YES;
				CLANG_WARN_CONSTANT_CONVERSION = YES;
				CLANG_WARN_DEPRECATED_OBJC_IMPLEMENTATIONS = YES;
				CLANG_WARN_DIRECT_OBJC_ISA_USAGE = YES_ERROR;
				CLANG_WARN_DOCUMENTATION_COMMENTS = YES;
				CLANG_WARN_EMPTY_BODY = YES;
				CLANG_WARN_ENUM_CONVERSION = YES;
				CLANG_WARN_INFINITE_RECURSION = YES;
				CLANG_WARN_INT_CONVERSION = YES;
				CLANG_WARN_NON_LITERAL_NULL_CONVERSION = YES;
				CLANG_WARN_OBJC_IMPLICIT_RETAIN_SELF = YES;
				CLANG_WARN_OBJC_LITERAL_CONVERSION = YES;
				CLANG_WARN_OBJC_ROOT_CLASS = YES_ERROR;
				CLANG_WARN_QUOTED_INCLUDE_IN_FRAMEWORK_HEADER = YES;
				CLANG_WARN_RANGE_LOOP_ANALYSIS = YES;
				CLANG_WARN_STRICT_PROTOTYPES = YES;
				CLANG_WARN_SUSPICIOUS_MOVE = YES;
				CLANG_WARN_UNGUARDED_AVAILABILITY = YES_AGGRESSIVE;
				CLANG_WARN_UNREACHABLE_CODE = YES;
				CLANG_WARN__DUPLICATE_METHOD_MATCH = YES;
				COPY_PHASE_STRIP = NO;
				DEBUG_INFORMATION_FORMAT = "dwarf-with-dsym";
				ENABLE_NS_ASSERTIONS = NO;
				ENABLE_STRICT_OBJC_MSGSEND = YES;
				GCC_C_LANGUAGE_STANDARD = gnu11;
				GCC_NO_COMMON_BLOCKS = YES;
				GCC_WARN_64_TO_32_BIT_CONVERSION = YES;
				GCC_WARN_ABOUT_RETURN_TYPE = YES_ERROR;
				GCC_WARN_UNDECLARED_SELECTOR = YES;
				GCC_WARN_UNINITIALIZED_AUTOS = YES_AGGRESSIVE;
				GCC_WARN_UNUSED_FUNCTION = YES;
				GCC_WARN_UNUSED_VARIABLE = YES;
				INFOPLIST_KEY_NSCameraUsageDescription = "";
				INFOPLIST_KEY_NSFileProviderDomainUsageDescription = "";
				MTL_ENABLE_DEBUG_INFO = NO;
				MTL_FAST_MATH = YES;
				SWIFT_COMPILATION_MODE = wholemodule;
				SWIFT_OPTIMIZATION_LEVEL = "-O";
			};
			name = Release;
		};
		BBF70634294CF54F006DA73A /* Debug */ = {
			isa = XCBuildConfiguration;
			buildSettings = {
				ASSETCATALOG_COMPILER_APPICON_NAME = AppIcon;
				ASSETCATALOG_COMPILER_GLOBAL_ACCENT_COLOR_NAME = AccentColor;
				CODE_SIGN_ENTITLEMENTS = ToDoScamList/ToDoScamList.entitlements;
				CODE_SIGN_STYLE = Automatic;
				CURRENT_PROJECT_VERSION = 1;
				DEVELOPMENT_ASSET_PATHS = "\"ToDoScamList/Preview Content\"";
				DEVELOPMENT_TEAM = V3DND9277P;
				ENABLE_HARDENED_RUNTIME = YES;
				ENABLE_PREVIEWS = YES;
				GENERATE_INFOPLIST_FILE = YES;
				INFOPLIST_KEY_NSCameraUsageDescription = "We need the camera permission";
				"INFOPLIST_KEY_UIApplicationSceneManifest_Generation[sdk=iphoneos*]" = YES;
				"INFOPLIST_KEY_UIApplicationSceneManifest_Generation[sdk=iphonesimulator*]" = YES;
				"INFOPLIST_KEY_UIApplicationSupportsIndirectInputEvents[sdk=iphoneos*]" = YES;
				"INFOPLIST_KEY_UIApplicationSupportsIndirectInputEvents[sdk=iphonesimulator*]" = YES;
				"INFOPLIST_KEY_UILaunchScreen_Generation[sdk=iphoneos*]" = YES;
				"INFOPLIST_KEY_UILaunchScreen_Generation[sdk=iphonesimulator*]" = YES;
				"INFOPLIST_KEY_UIStatusBarStyle[sdk=iphoneos*]" = UIStatusBarStyleDefault;
				"INFOPLIST_KEY_UIStatusBarStyle[sdk=iphonesimulator*]" = UIStatusBarStyleDefault;
				INFOPLIST_KEY_UISupportedInterfaceOrientations_iPad = "UIInterfaceOrientationPortrait UIInterfaceOrientationPortraitUpsideDown UIInterfaceOrientationLandscapeLeft UIInterfaceOrientationLandscapeRight";
				INFOPLIST_KEY_UISupportedInterfaceOrientations_iPhone = "UIInterfaceOrientationPortrait UIInterfaceOrientationLandscapeLeft UIInterfaceOrientationLandscapeRight";
				IPHONEOS_DEPLOYMENT_TARGET = 15.0;
				LD_RUNPATH_SEARCH_PATHS = "@executable_path/Frameworks";
				"LD_RUNPATH_SEARCH_PATHS[sdk=macosx*]" = "@executable_path/../Frameworks";
				MACOSX_DEPLOYMENT_TARGET = 12.6;
				MARKETING_VERSION = 1.0;
				PRODUCT_BUNDLE_IDENTIFIER = dezhest.ToDoScamList;
				PRODUCT_NAME = "$(TARGET_NAME)";
				SDKROOT = auto;
				SUPPORTED_PLATFORMS = "iphoneos iphonesimulator macosx";
				SWIFT_EMIT_LOC_STRINGS = YES;
				SWIFT_VERSION = 5.0;
				TARGETED_DEVICE_FAMILY = "1,2";
			};
			name = Debug;
		};
		BBF70635294CF54F006DA73A /* Release */ = {
			isa = XCBuildConfiguration;
			buildSettings = {
				ASSETCATALOG_COMPILER_APPICON_NAME = AppIcon;
				ASSETCATALOG_COMPILER_GLOBAL_ACCENT_COLOR_NAME = AccentColor;
				CODE_SIGN_ENTITLEMENTS = ToDoScamList/ToDoScamList.entitlements;
				CODE_SIGN_STYLE = Automatic;
				CURRENT_PROJECT_VERSION = 1;
				DEVELOPMENT_ASSET_PATHS = "\"ToDoScamList/Preview Content\"";
				DEVELOPMENT_TEAM = V3DND9277P;
				ENABLE_HARDENED_RUNTIME = YES;
				ENABLE_PREVIEWS = YES;
				GENERATE_INFOPLIST_FILE = YES;
				INFOPLIST_KEY_NSCameraUsageDescription = "We need the camera permission";
				"INFOPLIST_KEY_UIApplicationSceneManifest_Generation[sdk=iphoneos*]" = YES;
				"INFOPLIST_KEY_UIApplicationSceneManifest_Generation[sdk=iphonesimulator*]" = YES;
				"INFOPLIST_KEY_UIApplicationSupportsIndirectInputEvents[sdk=iphoneos*]" = YES;
				"INFOPLIST_KEY_UIApplicationSupportsIndirectInputEvents[sdk=iphonesimulator*]" = YES;
				"INFOPLIST_KEY_UILaunchScreen_Generation[sdk=iphoneos*]" = YES;
				"INFOPLIST_KEY_UILaunchScreen_Generation[sdk=iphonesimulator*]" = YES;
				"INFOPLIST_KEY_UIStatusBarStyle[sdk=iphoneos*]" = UIStatusBarStyleDefault;
				"INFOPLIST_KEY_UIStatusBarStyle[sdk=iphonesimulator*]" = UIStatusBarStyleDefault;
				INFOPLIST_KEY_UISupportedInterfaceOrientations_iPad = "UIInterfaceOrientationPortrait UIInterfaceOrientationPortraitUpsideDown UIInterfaceOrientationLandscapeLeft UIInterfaceOrientationLandscapeRight";
				INFOPLIST_KEY_UISupportedInterfaceOrientations_iPhone = "UIInterfaceOrientationPortrait UIInterfaceOrientationLandscapeLeft UIInterfaceOrientationLandscapeRight";
				IPHONEOS_DEPLOYMENT_TARGET = 15.0;
				LD_RUNPATH_SEARCH_PATHS = "@executable_path/Frameworks";
				"LD_RUNPATH_SEARCH_PATHS[sdk=macosx*]" = "@executable_path/../Frameworks";
				MACOSX_DEPLOYMENT_TARGET = 12.6;
				MARKETING_VERSION = 1.0;
				PRODUCT_BUNDLE_IDENTIFIER = dezhest.ToDoScamList;
				PRODUCT_NAME = "$(TARGET_NAME)";
				SDKROOT = auto;
				SUPPORTED_PLATFORMS = "iphoneos iphonesimulator macosx";
				SWIFT_EMIT_LOC_STRINGS = YES;
				SWIFT_VERSION = 5.0;
				TARGETED_DEVICE_FAMILY = "1,2";
			};
			name = Release;
		};
/* End XCBuildConfiguration section */

/* Begin XCConfigurationList section */
		BBF7061A294CF54B006DA73A /* Build configuration list for PBXProject "ToDoScamList" */ = {
			isa = XCConfigurationList;
			buildConfigurations = (
				BBF70631294CF54F006DA73A /* Debug */,
				BBF70632294CF54F006DA73A /* Release */,
			);
			defaultConfigurationIsVisible = 0;
			defaultConfigurationName = Release;
		};
		BBF70633294CF54F006DA73A /* Build configuration list for PBXNativeTarget "ToDoScamList" */ = {
			isa = XCConfigurationList;
			buildConfigurations = (
				BBF70634294CF54F006DA73A /* Debug */,
				BBF70635294CF54F006DA73A /* Release */,
			);
			defaultConfigurationIsVisible = 0;
			defaultConfigurationName = Release;
		};
/* End XCConfigurationList section */

/* Begin XCVersionGroup section */
		BBF70626294CF54B006DA73A /* ToDoScamList.xcdatamodeld */ = {
			isa = XCVersionGroup;
			children = (
				BBF70627294CF54B006DA73A /* ToDoScamList.xcdatamodel */,
			);
			currentVersion = BBF70627294CF54B006DA73A /* ToDoScamList.xcdatamodel */;
			path = ToDoScamList.xcdatamodeld;
			sourceTree = "<group>";
			versionGroupType = wrapper.xcdatamodel;
		};
/* End XCVersionGroup section */
	};
	rootObject = BBF70617294CF54B006DA73A /* Project object */;
}
